
Microsoft Visual Studio Solution File, Format Version 12.00
# Visual Studio Version 16
VisualStudioVersion = 16.0.29001.49
MinimumVisualStudioVersion = 10.0.40219.1
Project("{FAE04EC0-301F-11D3-BF4B-00C04F79EFBC}") = "Hello Kitty", "Hello Kitty\Hello Kitty.csproj", "{EA4C0F39-458D-4F0F-B4AC-F1CE01ECBEBE}"
EndProject
Global
	GlobalSection(SolutionConfigurationPlatforms) = preSolution
		Debug|Any CPU = Debug|Any CPU
		Release|Any CPU = Release|Any CPU
	EndGlobalSection
	GlobalSection(ProjectConfigurationPlatforms) = postSolution
		{EA4C0F39-458D-4F0F-B4AC-F1CE01ECBEBE}.Debug|Any CPU.ActiveCfg = Debug|Any CPU
		{EA4C0F39-458D-4F0F-B4AC-F1CE01ECBEBE}.Debug|Any CPU.Build.0 = Debug|Any CPU
		{EA4C0F39-458D-4F0F-B4AC-F1CE01ECBEBE}.Release|Any CPU.ActiveCfg = Release|Any CPU
		{EA4C0F39-458D-4F0F-B4AC-F1CE01ECBEBE}.Release|Any CPU.Build.0 = Release|Any CPU
	EndGlobalSection
	GlobalSection(SolutionProperties) = preSolution
		HideSolutionNode = FALSE
	EndGlobalSection
	GlobalSection(ExtensibilityGlobals) = postSolution
		SolutionGuid = {B18B083F-73EC-4250-B19D-C21F848174E4}
	EndGlobalSection
EndGlobal
